
Microsoft Visual Studio Solution File, Format Version 12.00
# Visual Studio Version 16
VisualStudioVersion = 16.0.29306.81
MinimumVisualStudioVersion = 10.0.40219.1
Project("{FAE04EC0-301F-11D3-BF4B-00C04F79EFBC}") = "Apples", "Apples\Apples.csproj", "{F355A423-7B6D-45EC-AF44-A4A4F4985D01}"
EndProject
Project("{FAE04EC0-301F-11D3-BF4B-00C04F79EFBC}") = "XUnitTestProject1", "XUnitTestProject1\XUnitTestProject1.csproj", "{15CE35EC-34D1-4396-83F0-39958F4D13E3}"
EndProject
Global
	GlobalSection(SolutionConfigurationPlatforms) = preSolution
		Debug|Any CPU = Debug|Any CPU
		Release|Any CPU = Release|Any CPU
	EndGlobalSection
	GlobalSection(ProjectConfigurationPlatforms) = postSolution
		{F355A423-7B6D-45EC-AF44-A4A4F4985D01}.Debug|Any CPU.ActiveCfg = Debug|Any CPU
		{F355A423-7B6D-45EC-AF44-A4A4F4985D01}.Debug|Any CPU.Build.0 = Debug|Any CPU
		{F355A423-7B6D-45EC-AF44-A4A4F4985D01}.Release|Any CPU.ActiveCfg = Release|Any CPU
		{F355A423-7B6D-45EC-AF44-A4A4F4985D01}.Release|Any CPU.Build.0 = Release|Any CPU
		{15CE35EC-34D1-4396-83F0-39958F4D13E3}.Debug|Any CPU.ActiveCfg = Debug|Any CPU
		{15CE35EC-34D1-4396-83F0-39958F4D13E3}.Debug|Any CPU.Build.0 = Debug|Any CPU
		{15CE35EC-34D1-4396-83F0-39958F4D13E3}.Release|Any CPU.ActiveCfg = Release|Any CPU
		{15CE35EC-34D1-4396-83F0-39958F4D13E3}.Release|Any CPU.Build.0 = Release|Any CPU
	EndGlobalSection
	GlobalSection(SolutionProperties) = preSolution
		HideSolutionNode = FALSE
	EndGlobalSection
	GlobalSection(ExtensibilityGlobals) = postSolution
		SolutionGuid = {41C18C88-FFB4-45FB-85E6-73EB58FE37BC}
	EndGlobalSection
EndGlobal
