
Microsoft Visual Studio Solution File, Format Version 12.00
# Visual Studio Version 16
VisualStudioVersion = 16.0.29306.81
MinimumVisualStudioVersion = 10.0.40219.1
Project("{FAE04EC0-301F-11D3-BF4B-00C04F79EFBC}") = "GreenFoxInheritance", "GreenFoxInheritance\GreenFoxInheritance.csproj", "{97135B04-F9DE-43FA-B6AD-5D8B8CF0F591}"
EndProject
Global
	GlobalSection(SolutionConfigurationPlatforms) = preSolution
		Debug|Any CPU = Debug|Any CPU
		Release|Any CPU = Release|Any CPU
	EndGlobalSection
	GlobalSection(ProjectConfigurationPlatforms) = postSolution
		{97135B04-F9DE-43FA-B6AD-5D8B8CF0F591}.Debug|Any CPU.ActiveCfg = Debug|Any CPU
		{97135B04-F9DE-43FA-B6AD-5D8B8CF0F591}.Debug|Any CPU.Build.0 = Debug|Any CPU
		{97135B04-F9DE-43FA-B6AD-5D8B8CF0F591}.Release|Any CPU.ActiveCfg = Release|Any CPU
		{97135B04-F9DE-43FA-B6AD-5D8B8CF0F591}.Release|Any CPU.Build.0 = Release|Any CPU
	EndGlobalSection
	GlobalSection(SolutionProperties) = preSolution
		HideSolutionNode = FALSE
	EndGlobalSection
	GlobalSection(ExtensibilityGlobals) = postSolution
		SolutionGuid = {E78BD9CF-8B5A-4EEC-9223-E417492A2720}
	EndGlobalSection
EndGlobal
