
Microsoft Visual Studio Solution File, Format Version 12.00
# Visual Studio Version 16
VisualStudioVersion = 16.0.29306.81
MinimumVisualStudioVersion = 10.0.40219.1
Project("{FAE04EC0-301F-11D3-BF4B-00C04F79EFBC}") = "CsFundamentals", "CsFundamentals\CsFundamentals.csproj", "{626190CF-2CEC-45AE-8572-FE5F380890DE}"
EndProject
Global
	GlobalSection(SolutionConfigurationPlatforms) = preSolution
		Debug|Any CPU = Debug|Any CPU
		Release|Any CPU = Release|Any CPU
	EndGlobalSection
	GlobalSection(ProjectConfigurationPlatforms) = postSolution
		{626190CF-2CEC-45AE-8572-FE5F380890DE}.Debug|Any CPU.ActiveCfg = Debug|Any CPU
		{626190CF-2CEC-45AE-8572-FE5F380890DE}.Debug|Any CPU.Build.0 = Debug|Any CPU
		{626190CF-2CEC-45AE-8572-FE5F380890DE}.Release|Any CPU.ActiveCfg = Release|Any CPU
		{626190CF-2CEC-45AE-8572-FE5F380890DE}.Release|Any CPU.Build.0 = Release|Any CPU
	EndGlobalSection
	GlobalSection(SolutionProperties) = preSolution
		HideSolutionNode = FALSE
	EndGlobalSection
	GlobalSection(ExtensibilityGlobals) = postSolution
		SolutionGuid = {68B93BA0-AC42-401F-ABCF-BECBD790F9CD}
	EndGlobalSection
EndGlobal
