
Microsoft Visual Studio Solution File, Format Version 12.00
# Visual Studio Version 16
VisualStudioVersion = 16.0.29306.81
MinimumVisualStudioVersion = 10.0.40219.1
Project("{FAE04EC0-301F-11D3-BF4B-00C04F79EFBC}") = "Counter", "Counter\Counter.csproj", "{B46A431F-E3BA-4E3C-A1A7-FA486C6CAF63}"
EndProject
Global
	GlobalSection(SolutionConfigurationPlatforms) = preSolution
		Debug|Any CPU = Debug|Any CPU
		Release|Any CPU = Release|Any CPU
	EndGlobalSection
	GlobalSection(ProjectConfigurationPlatforms) = postSolution
		{B46A431F-E3BA-4E3C-A1A7-FA486C6CAF63}.Debug|Any CPU.ActiveCfg = Debug|Any CPU
		{B46A431F-E3BA-4E3C-A1A7-FA486C6CAF63}.Debug|Any CPU.Build.0 = Debug|Any CPU
		{B46A431F-E3BA-4E3C-A1A7-FA486C6CAF63}.Release|Any CPU.ActiveCfg = Release|Any CPU
		{B46A431F-E3BA-4E3C-A1A7-FA486C6CAF63}.Release|Any CPU.Build.0 = Release|Any CPU
	EndGlobalSection
	GlobalSection(SolutionProperties) = preSolution
		HideSolutionNode = FALSE
	EndGlobalSection
	GlobalSection(ExtensibilityGlobals) = postSolution
		SolutionGuid = {1E2616E6-6F59-40AB-A53E-8A5AF1E4D198}
	EndGlobalSection
EndGlobal
